// !$*UTF8*$!
{
	archiveVersion = 1;
	classes = {
	};
	objectVersion = 46;
	objects = {

/* Begin PBXBuildFile section */
		5006A6131CE36B5E004E8F4F /* main.m in Sources */ = {isa = PBXBuildFile; fileRef = 5006A6121CE36B5E004E8F4F /* main.m */; };
		5006A6161CE36B5E004E8F4F /* AppDelegate.m in Sources */ = {isa = PBXBuildFile; fileRef = 5006A6151CE36B5E004E8F4F /* AppDelegate.m */; };
		5006A6191CE36B5E004E8F4F /* ViewController.m in Sources */ = {isa = PBXBuildFile; fileRef = 5006A6181CE36B5E004E8F4F /* ViewController.m */; };
		5006A61C1CE36B5E004E8F4F /* Main.storyboard in Resources */ = {isa = PBXBuildFile; fileRef = 5006A61A1CE36B5E004E8F4F /* Main.storyboard */; };
		5006A61E1CE36B5E004E8F4F /* Assets.xcassets in Resources */ = {isa = PBXBuildFile; fileRef = 5006A61D1CE36B5E004E8F4F /* Assets.xcassets */; };
		5006A6211CE36B5E004E8F4F /* LaunchScreen.storyboard in Resources */ = {isa = PBXBuildFile; fileRef = 5006A61F1CE36B5E004E8F4F /* LaunchScreen.storyboard */; };
/* End PBXBuildFile section */

/* Begin PBXFileReference section */
		5006A60E1CE36B5E004E8F4F /* NSThread.app */ = {isa = PBXFileReference; explicitFileType = wrapper.application; includeInIndex = 0; path = NSThread.app; sourceTree = BUILT_PRODUCTS_DIR; };
		5006A6121CE36B5E004E8F4F /* main.m */ = {isa = PBXFileReference; lastKnownFileType = sourcecode.c.objc; path = main.m; sourceTree = "<group>"; };
		5006A6141CE36B5E004E8F4F /* AppDelegate.h */ = {isa = PBXFileReference; lastKnownFileType = sourcecode.c.h; path = AppDelegate.h; sourceTree = "<group>"; };
		5006A6151CE36B5E004E8F4F /* AppDelegate.m */ = {isa = PBXFileReference; lastKnownFileType = sourcecode.c.objc; path = AppDelegate.m; sourceTree = "<group>"; };
		5006A6171CE36B5E004E8F4F /* ViewController.h */ = {isa = PBXFileReference; lastKnownFileType = sourcecode.c.h; path = ViewController.h; sourceTree = "<group>"; };
		5006A6181CE36B5E004E8F4F /* ViewController.m */ = {isa = PBXFileReference; lastKnownFileType = sourcecode.c.objc; path = ViewController.m; sourceTree = "<group>"; };
		5006A61B1CE36B5E004E8F4F /* Base */ = {isa = PBXFileReference; lastKnownFileType = file.storyboard; name = Base; path = Base.lproj/Main.storyboard; sourceTree = "<group>"; };
		5006A61D1CE36B5E004E8F4F /* Assets.xcassets */ = {isa = PBXFileReference; lastKnownFileType = folder.assetcatalog; path = Assets.xcassets; sourceTree = "<group>"; };
		5006A6201CE36B5E004E8F4F /* Base */ = {isa = PBXFileReference; lastKnownFileType = file.storyboard; name = Base; path = Base.lproj/LaunchScreen.storyboard; sourceTree = "<group>"; };
		5006A6221CE36B5E004E8F4F /* Info.plist */ = {isa = PBXFileReference; lastKnownFileType = text.plist.xml; path = Info.plist; sourceTree = "<group>"; };
/* End PBXFileReference section */

/* Begin PBXFrameworksBuildPhase section */
		5006A60B1CE36B5E004E8F4F /* Frameworks */ = {
			isa = PBXFrameworksBuildPhase;
			buildActionMask = 2147483647;
			files = (
			);
			runOnlyForDeploymentPostprocessing = 0;
		};
/* End PBXFrameworksBuildPhase section */

/* Begin PBXGroup section */
		5006A6051CE36B5E004E8F4F = {
			isa = PBXGroup;
			children = (
				5006A6101CE36B5E004E8F4F /* NSThread */,
				5006A60F1CE36B5E004E8F4F /* Products */,
			);
			sourceTree = "<group>";
		};
		5006A60F1CE36B5E004E8F4F /* Products */ = {
			isa = PBXGroup;
			children = (
				5006A60E1CE36B5E004E8F4F /* NSThread.app */,
			);
			name = Products;
			sourceTree = "<group>";
		};
		5006A6101CE36B5E004E8F4F /* NSThread */ = {
			isa = PBXGroup;
			children = (
				5006A6141CE36B5E004E8F4F /* AppDelegate.h */,
				5006A6151CE36B5E004E8F4F /* AppDelegate.m */,
				5006A6171CE36B5E004E8F4F /* ViewController.h */,
				5006A6181CE36B5E004E8F4F /* ViewController.m */,
				5006A61A1CE36B5E004E8F4F /* Main.storyboard */,
				5006A61D1CE36B5E004E8F4F /* Assets.xcassets */,
				5006A61F1CE36B5E004E8F4F /* LaunchScreen.storyboard */,
				5006A6221CE36B5E004E8F4F /* Info.plist */,
				5006A6111CE36B5E004E8F4F /* Supporting Files */,
			);
			path = NSThread;
			sourceTree = "<group>";
		};
		5006A6111CE36B5E004E8F4F /* Supporting Files */ = {
			isa = PBXGroup;
			children = (
				5006A6121CE36B5E004E8F4F /* main.m */,
			);
			name = "Supporting Files";
			sourceTree = "<group>";
		};
/* End PBXGroup section */

/* Begin PBXNativeTarget section */
		5006A60D1CE36B5E004E8F4F /* NSThread */ = {
			isa = PBXNativeTarget;
			buildConfigurationList = 5006A6251CE36B5E004E8F4F /* Build configuration list for PBXNativeTarget "NSThread" */;
			buildPhases = (
				5006A60A1CE36B5E004E8F4F /* Sources */,
				5006A60B1CE36B5E004E8F4F /* Frameworks */,
				5006A60C1CE36B5E004E8F4F /* Resources */,
			);
			buildRules = (
			);
			dependencies = (
			);
			name = NSThread;
			productName = NSThread;
			productReference = 5006A60E1CE36B5E004E8F4F /* NSThread.app */;
			productType = "com.apple.product-type.application";
		};
/* End PBXNativeTarget section */

/* Begin PBXProject section */
		5006A6061CE36B5E004E8F4F /* Project object */ = {
			isa = PBXProject;
			attributes = {
				LastUpgradeCheck = 0730;
				ORGANIZATIONNAME = fanwenbo;
				TargetAttributes = {
					5006A60D1CE36B5E004E8F4F = {
						CreatedOnToolsVersion = 7.3.1;
					};
				};
			};
			buildConfigurationList = 5006A6091CE36B5E004E8F4F /* Build configuration list for PBXProject "NSThread" */;
			compatibilityVersion = "Xcode 3.2";
			developmentRegion = English;
			hasScannedForEncodings = 0;
			knownRegions = (
				en,
				Base,
			);
			mainGroup = 5006A6051CE36B5E004E8F4F;
			productRefGroup = 5006A60F1CE36B5E004E8F4F /* Products */;
			projectDirPath = "";
			projectRoot = "";
			targets = (
				5006A60D1CE36B5E004E8F4F /* NSThread */,
			);
		};
/* End PBXProject section */

/* Begin PBXResourcesBuildPhase section */
		5006A60C1CE36B5E004E8F4F /* Resources */ = {
			isa = PBXResourcesBuildPhase;
			buildActionMask = 2147483647;
			files = (
				5006A6211CE36B5E004E8F4F /* LaunchScreen.storyboard in Resources */,
				5006A61E1CE36B5E004E8F4F /* Assets.xcassets in Resources */,
				5006A61C1CE36B5E004E8F4F /* Main.storyboard in Resources */,
			);
			runOnlyForDeploymentPostprocessing = 0;
		};
/* End PBXResourcesBuildPhase section */

/* Begin PBXSourcesBuildPhase section */
		5006A60A1CE36B5E004E8F4F /* Sources */ = {
			isa = PBXSourcesBuildPhase;
			buildActionMask = 2147483647;
			files = (
				5006A6191CE36B5E004E8F4F /* ViewController.m in Sources */,
				5006A6161CE36B5E004E8F4F /* AppDelegate.m in Sources */,
				5006A6131CE36B5E004E8F4F /* main.m in Sources */,
			);
			runOnlyForDeploymentPostprocessing = 0;
		};
/* End PBXSourcesBuildPhase section */

/* Begin PBXVariantGroup section */
		5006A61A1CE36B5E004E8F4F /* Main.storyboard */ = {
			isa = PBXVariantGroup;
			children = (
				5006A61B1CE36B5E004E8F4F /* Base */,
			);
			name = Main.storyboard;
			sourceTree = "<group>";
		};
		5006A61F1CE36B5E004E8F4F /* LaunchScreen.storyboard */ = {
			isa = PBXVariantGroup;
			children = (
				5006A6201CE36B5E004E8F4F /* Base */,
			);
			name = LaunchScreen.storyboard;
			sourceTree = "<group>";
		};
/* End PBXVariantGroup section */

/* Begin XCBuildConfiguration section */
		5006A6231CE36B5E004E8F4F /* Debug */ = {
			isa = XCBuildConfiguration;
			buildSettings = {
				ALWAYS_SEARCH_USER_PATHS = NO;
				CLANG_ANALYZER_NONNULL = YES;
				CLANG_CXX_LANGUAGE_STANDARD = "gnu++0x";
				CLANG_CXX_LIBRARY = "libc++";
				CLANG_ENABLE_MODULES = YES;
				CLANG_ENABLE_OBJC_ARC = YES;
				CLANG_WARN_BOOL_CONVERSION = YES;
				CLANG_WARN_CONSTANT_CONVERSION = YES;
				CLANG_WARN_DIRECT_OBJC_ISA_USAGE = YES_ERROR;
				CLANG_WARN_EMPTY_BODY = YES;
				CLANG_WARN_ENUM_CONVERSION = YES;
				CLANG_WARN_INT_CONVERSION = YES;
				CLANG_WARN_OBJC_ROOT_CLASS = YES_ERROR;
				CLANG_WARN_UNREACHABLE_CODE = YES;
				CLANG_WARN__DUPLICATE_METHOD_MATCH = YES;
				"CODE_SIGN_IDENTITY[sdk=iphoneos*]" = "iPhone Developer";
				COPY_PHASE_STRIP = NO;
				DEBUG_INFORMATION_FORMAT = dwarf;
				ENABLE_STRICT_OBJC_MSGSEND = YES;
				ENABLE_TESTABILITY = YES;
				GCC_C_LANGUAGE_STANDARD = gnu99;
				GCC_DYNAMIC_NO_PIC = NO;
				GCC_NO_COMMON_BLOCKS = YES;
				GCC_OPTIMIZATION_LEVEL = 0;
				GCC_PREPROCESSOR_DEFINITIONS = (
					"DEBUG=1",
					"$(inherited)",
				);
				GCC_WARN_64_TO_32_BIT_CONVERSION = YES;
				GCC_WARN_ABOUT_RETURN_TYPE = YES_ERROR;
				GCC_WARN_UNDECLARED_SELECTOR = YES;
				GCC_WARN_UNINITIALIZED_AUTOS = YES_AGGRESSIVE;
				GCC_WARN_UNUSED_FUNCTION = YES;
				GCC_WARN_UNUSED_VARIABLE = YES;
				IPHONEOS_DEPLOYMENT_TARGET = 9.3;
				MTL_ENABLE_DEBUG_INFO = YES;
				ONLY_ACTIVE_ARCH = YES;
				SDKROOT = iphoneos;
			};
			name = Debug;
		};
		5006A6241CE36B5E004E8F4F /* Release */ = {
			isa = XCBuildConfiguration;
			buildSettings = {
				ALWAYS_SEARCH_USER_PATHS = NO;
				CLANG_ANALYZER_NONNULL = YES;
				CLANG_CXX_LANGUAGE_STANDARD = "gnu++0x";
				CLANG_CXX_LIBRARY = "libc++";
				CLANG_ENABLE_MODULES = YES;
				CLANG_ENABLE_OBJC_ARC = YES;
				CLANG_WARN_BOOL_CONVERSION = YES;
				CLANG_WARN_CONSTANT_CONVERSION = YES;
				CLANG_WARN_DIRECT_OBJC_ISA_USAGE = YES_ERROR;
				CLANG_WARN_EMPTY_BODY = YES;
				CLANG_WARN_ENUM_CONVERSION = YES;
				CLANG_WARN_INT_CONVERSION = YES;
				CLANG_WARN_OBJC_ROOT_CLASS = YES_ERROR;
				CLANG_WARN_UNREACHABLE_CODE = YES;
				CLANG_WARN__DUPLICATE_METHOD_MATCH = YES;
				"CODE_SIGN_IDENTITY[sdk=iphoneos*]" = "iPhone Developer";
				COPY_PHASE_STRIP = NO;
				DEBUG_INFORMATION_FORMAT = "dwarf-with-dsym";
				ENABLE_NS_ASSERTIONS = NO;
				ENABLE_STRICT_OBJC_MSGSEND = YES;
				GCC_C_LANGUAGE_STANDARD = gnu99;
				GCC_NO_COMMON_BLOCKS = YES;
				GCC_WARN_64_TO_32_BIT_CONVERSION = YES;
				GCC_WARN_ABOUT_RETURN_TYPE = YES_ERROR;
				GCC_WARN_UNDECLARED_SELECTOR = YES;
				GCC_WARN_UNINITIALIZED_AUTOS = YES_AGGRESSIVE;
				GCC_WARN_UNUSED_FUNCTION = YES;
				GCC_WARN_UNUSED_VARIABLE = YES;
				IPHONEOS_DEPLOYMENT_TARGET = 9.3;
				MTL_ENABLE_DEBUG_INFO = NO;
				SDKROOT = iphoneos;
				VALIDATE_PRODUCT = YES;
			};
			name = Release;
		};
		5006A6261CE36B5E004E8F4F /* Debug */ = {
			isa = XCBuildConfiguration;
			buildSettings = {
				ASSETCATALOG_COMPILER_APPICON_NAME = AppIcon;
				INFOPLIST_FILE = NSThread/Info.plist;
				LD_RUNPATH_SEARCH_PATHS = "$(inherited) @executable_path/Frameworks";
				PRODUCT_BUNDLE_IDENTIFIER = com.fanwenbo.NSThread;
				PRODUCT_NAME = "$(TARGET_NAME)";
			};
			name = Debug;
		};
		5006A6271CE36B5E004E8F4F /* Release */ = {
			isa = XCBuildConfiguration;
			buildSettings = {
				ASSETCATALOG_COMPILER_APPICON_NAME = AppIcon;
				INFOPLIST_FILE = NSThread/Info.plist;
				LD_RUNPATH_SEARCH_PATHS = "$(inherited) @executable_path/Frameworks";
				PRODUCT_BUNDLE_IDENTIFIER = com.fanwenbo.NSThread;
				PRODUCT_NAME = "$(TARGET_NAME)";
			};
			name = Release;
		};
/* End XCBuildConfiguration section */

/* Begin XCConfigurationList section */
		5006A6091CE36B5E004E8F4F /* Build configuration list for PBXProject "NSThread" */ = {
			isa = XCConfigurationList;
			buildConfigurations = (
				5006A6231CE36B5E004E8F4F /* Debug */,
				5006A6241CE36B5E004E8F4F /* Release */,
			);
			defaultConfigurationIsVisible = 0;
			defaultConfigurationName = Release;
		};
		5006A6251CE36B5E004E8F4F /* Build configuration list for PBXNativeTarget "NSThread" */ = {
			isa = XCConfigurationList;
			buildConfigurations = (
				5006A6261CE36B5E004E8F4F /* Debug */,
				5006A6271CE36B5E004E8F4F /* Release */,
			);
			defaultConfigurationIsVisible = 0;
		};
/* End XCConfigurationList section */
	};
	rootObject = 5006A6061CE36B5E004E8F4F /* Project object */;
}
