// !$*UTF8*$!
{
	archiveVersion = 1;
	classes = {
	};
	objectVersion = 46;
	objects = {

/* Begin PBXBuildFile section */
		50CFA3871CE8A22800550740 /* main.m in Sources */ = {isa = PBXBuildFile; fileRef = 50CFA3861CE8A22800550740 /* main.m */; };
		50CFA38A1CE8A22800550740 /* AppDelegate.m in Sources */ = {isa = PBXBuildFile; fileRef = 50CFA3891CE8A22800550740 /* AppDelegate.m */; };
		50CFA3901CE8A22800550740 /* Main.storyboard in Resources */ = {isa = PBXBuildFile; fileRef = 50CFA38E1CE8A22800550740 /* Main.storyboard */; };
		50CFA3921CE8A22800550740 /* Assets.xcassets in Resources */ = {isa = PBXBuildFile; fileRef = 50CFA3911CE8A22800550740 /* Assets.xcassets */; };
		50CFA3951CE8A22800550740 /* LaunchScreen.storyboard in Resources */ = {isa = PBXBuildFile; fileRef = 50CFA3931CE8A22800550740 /* LaunchScreen.storyboard */; };
		50CFA39D1CE9794900550740 /* apps.plist in Resources */ = {isa = PBXBuildFile; fileRef = 50CFA39C1CE9794900550740 /* apps.plist */; };
		50CFA3A01CE979D300550740 /* FWBAppsViewController.m in Sources */ = {isa = PBXBuildFile; fileRef = 50CFA39F1CE979D300550740 /* FWBAppsViewController.m */; };
		50CFA3A31CE97ADA00550740 /* FWBAppsModel.m in Sources */ = {isa = PBXBuildFile; fileRef = 50CFA3A21CE97ADA00550740 /* FWBAppsModel.m */; };
		50CFA3A61CEA19F800550740 /* FWBDownloadOperation.m in Sources */ = {isa = PBXBuildFile; fileRef = 50CFA3A51CEA19F800550740 /* FWBDownloadOperation.m */; };
/* End PBXBuildFile section */

/* Begin PBXFileReference section */
		50CFA3821CE8A22800550740 /* CellImageDownload.app */ = {isa = PBXFileReference; explicitFileType = wrapper.application; includeInIndex = 0; path = CellImageDownload.app; sourceTree = BUILT_PRODUCTS_DIR; };
		50CFA3861CE8A22800550740 /* main.m */ = {isa = PBXFileReference; lastKnownFileType = sourcecode.c.objc; path = main.m; sourceTree = "<group>"; };
		50CFA3881CE8A22800550740 /* AppDelegate.h */ = {isa = PBXFileReference; lastKnownFileType = sourcecode.c.h; path = AppDelegate.h; sourceTree = "<group>"; };
		50CFA3891CE8A22800550740 /* AppDelegate.m */ = {isa = PBXFileReference; lastKnownFileType = sourcecode.c.objc; path = AppDelegate.m; sourceTree = "<group>"; };
		50CFA38F1CE8A22800550740 /* Base */ = {isa = PBXFileReference; lastKnownFileType = file.storyboard; name = Base; path = Base.lproj/Main.storyboard; sourceTree = "<group>"; };
		50CFA3911CE8A22800550740 /* Assets.xcassets */ = {isa = PBXFileReference; lastKnownFileType = folder.assetcatalog; path = Assets.xcassets; sourceTree = "<group>"; };
		50CFA3941CE8A22800550740 /* Base */ = {isa = PBXFileReference; lastKnownFileType = file.storyboard; name = Base; path = Base.lproj/LaunchScreen.storyboard; sourceTree = "<group>"; };
		50CFA3961CE8A22800550740 /* Info.plist */ = {isa = PBXFileReference; lastKnownFileType = text.plist.xml; path = Info.plist; sourceTree = "<group>"; };
		50CFA39C1CE9794900550740 /* apps.plist */ = {isa = PBXFileReference; fileEncoding = 4; lastKnownFileType = text.plist.xml; path = apps.plist; sourceTree = "<group>"; };
		50CFA39E1CE979D300550740 /* FWBAppsViewController.h */ = {isa = PBXFileReference; fileEncoding = 4; lastKnownFileType = sourcecode.c.h; path = FWBAppsViewController.h; sourceTree = "<group>"; };
		50CFA39F1CE979D300550740 /* FWBAppsViewController.m */ = {isa = PBXFileReference; fileEncoding = 4; lastKnownFileType = sourcecode.c.objc; path = FWBAppsViewController.m; sourceTree = "<group>"; };
		50CFA3A11CE97ADA00550740 /* FWBAppsModel.h */ = {isa = PBXFileReference; fileEncoding = 4; lastKnownFileType = sourcecode.c.h; path = FWBAppsModel.h; sourceTree = "<group>"; };
		50CFA3A21CE97ADA00550740 /* FWBAppsModel.m */ = {isa = PBXFileReference; fileEncoding = 4; lastKnownFileType = sourcecode.c.objc; path = FWBAppsModel.m; sourceTree = "<group>"; };
		50CFA3A41CEA19F800550740 /* FWBDownloadOperation.h */ = {isa = PBXFileReference; fileEncoding = 4; lastKnownFileType = sourcecode.c.h; path = FWBDownloadOperation.h; sourceTree = "<group>"; };
		50CFA3A51CEA19F800550740 /* FWBDownloadOperation.m */ = {isa = PBXFileReference; fileEncoding = 4; lastKnownFileType = sourcecode.c.objc; path = FWBDownloadOperation.m; sourceTree = "<group>"; };
/* End PBXFileReference section */

/* Begin PBXFrameworksBuildPhase section */
		50CFA37F1CE8A22800550740 /* Frameworks */ = {
			isa = PBXFrameworksBuildPhase;
			buildActionMask = 2147483647;
			files = (
			);
			runOnlyForDeploymentPostprocessing = 0;
		};
/* End PBXFrameworksBuildPhase section */

/* Begin PBXGroup section */
		50CFA3791CE8A22800550740 = {
			isa = PBXGroup;
			children = (
				50CFA3841CE8A22800550740 /* CellImageDownload */,
				50CFA3831CE8A22800550740 /* Products */,
			);
			sourceTree = "<group>";
		};
		50CFA3831CE8A22800550740 /* Products */ = {
			isa = PBXGroup;
			children = (
				50CFA3821CE8A22800550740 /* CellImageDownload.app */,
			);
			name = Products;
			sourceTree = "<group>";
		};
		50CFA3841CE8A22800550740 /* CellImageDownload */ = {
			isa = PBXGroup;
			children = (
				50CFA3881CE8A22800550740 /* AppDelegate.h */,
				50CFA3891CE8A22800550740 /* AppDelegate.m */,
				50CFA3A11CE97ADA00550740 /* FWBAppsModel.h */,
				50CFA3A21CE97ADA00550740 /* FWBAppsModel.m */,
				50CFA3A41CEA19F800550740 /* FWBDownloadOperation.h */,
				50CFA3A51CEA19F800550740 /* FWBDownloadOperation.m */,
				50CFA39E1CE979D300550740 /* FWBAppsViewController.h */,
				50CFA39F1CE979D300550740 /* FWBAppsViewController.m */,
				50CFA38E1CE8A22800550740 /* Main.storyboard */,
				50CFA3851CE8A22800550740 /* Supporting Files */,
			);
			path = CellImageDownload;
			sourceTree = "<group>";
		};
		50CFA3851CE8A22800550740 /* Supporting Files */ = {
			isa = PBXGroup;
			children = (
				50CFA39C1CE9794900550740 /* apps.plist */,
				50CFA3911CE8A22800550740 /* Assets.xcassets */,
				50CFA3931CE8A22800550740 /* LaunchScreen.storyboard */,
				50CFA3961CE8A22800550740 /* Info.plist */,
				50CFA3861CE8A22800550740 /* main.m */,
			);
			name = "Supporting Files";
			sourceTree = "<group>";
		};
/* End PBXGroup section */

/* Begin PBXNativeTarget section */
		50CFA3811CE8A22800550740 /* CellImageDownload */ = {
			isa = PBXNativeTarget;
			buildConfigurationList = 50CFA3991CE8A22800550740 /* Build configuration list for PBXNativeTarget "CellImageDownload" */;
			buildPhases = (
				50CFA37E1CE8A22800550740 /* Sources */,
				50CFA37F1CE8A22800550740 /* Frameworks */,
				50CFA3801CE8A22800550740 /* Resources */,
			);
			buildRules = (
			);
			dependencies = (
			);
			name = CellImageDownload;
			productName = CellImageDownload;
			productReference = 50CFA3821CE8A22800550740 /* CellImageDownload.app */;
			productType = "com.apple.product-type.application";
		};
/* End PBXNativeTarget section */

/* Begin PBXProject section */
		50CFA37A1CE8A22800550740 /* Project object */ = {
			isa = PBXProject;
			attributes = {
				LastUpgradeCheck = 0730;
				ORGANIZATIONNAME = fanwenbo;
				TargetAttributes = {
					50CFA3811CE8A22800550740 = {
						CreatedOnToolsVersion = 7.3.1;
					};
				};
			};
			buildConfigurationList = 50CFA37D1CE8A22800550740 /* Build configuration list for PBXProject "CellImageDownload" */;
			compatibilityVersion = "Xcode 3.2";
			developmentRegion = English;
			hasScannedForEncodings = 0;
			knownRegions = (
				en,
				Base,
			);
			mainGroup = 50CFA3791CE8A22800550740;
			productRefGroup = 50CFA3831CE8A22800550740 /* Products */;
			projectDirPath = "";
			projectRoot = "";
			targets = (
				50CFA3811CE8A22800550740 /* CellImageDownload */,
			);
		};
/* End PBXProject section */

/* Begin PBXResourcesBuildPhase section */
		50CFA3801CE8A22800550740 /* Resources */ = {
			isa = PBXResourcesBuildPhase;
			buildActionMask = 2147483647;
			files = (
				50CFA39D1CE9794900550740 /* apps.plist in Resources */,
				50CFA3951CE8A22800550740 /* LaunchScreen.storyboard in Resources */,
				50CFA3921CE8A22800550740 /* Assets.xcassets in Resources */,
				50CFA3901CE8A22800550740 /* Main.storyboard in Resources */,
			);
			runOnlyForDeploymentPostprocessing = 0;
		};
/* End PBXResourcesBuildPhase section */

/* Begin PBXSourcesBuildPhase section */
		50CFA37E1CE8A22800550740 /* Sources */ = {
			isa = PBXSourcesBuildPhase;
			buildActionMask = 2147483647;
			files = (
				50CFA3A01CE979D300550740 /* FWBAppsViewController.m in Sources */,
				50CFA3A31CE97ADA00550740 /* FWBAppsModel.m in Sources */,
				50CFA3A61CEA19F800550740 /* FWBDownloadOperation.m in Sources */,
				50CFA38A1CE8A22800550740 /* AppDelegate.m in Sources */,
				50CFA3871CE8A22800550740 /* main.m in Sources */,
			);
			runOnlyForDeploymentPostprocessing = 0;
		};
/* End PBXSourcesBuildPhase section */

/* Begin PBXVariantGroup section */
		50CFA38E1CE8A22800550740 /* Main.storyboard */ = {
			isa = PBXVariantGroup;
			children = (
				50CFA38F1CE8A22800550740 /* Base */,
			);
			name = Main.storyboard;
			sourceTree = "<group>";
		};
		50CFA3931CE8A22800550740 /* LaunchScreen.storyboard */ = {
			isa = PBXVariantGroup;
			children = (
				50CFA3941CE8A22800550740 /* Base */,
			);
			name = LaunchScreen.storyboard;
			sourceTree = "<group>";
		};
/* End PBXVariantGroup section */

/* Begin XCBuildConfiguration section */
		50CFA3971CE8A22800550740 /* Debug */ = {
			isa = XCBuildConfiguration;
			buildSettings = {
				ALWAYS_SEARCH_USER_PATHS = NO;
				CLANG_ANALYZER_NONNULL = YES;
				CLANG_CXX_LANGUAGE_STANDARD = "gnu++0x";
				CLANG_CXX_LIBRARY = "libc++";
				CLANG_ENABLE_MODULES = YES;
				CLANG_ENABLE_OBJC_ARC = YES;
				CLANG_WARN_BOOL_CONVERSION = YES;
				CLANG_WARN_CONSTANT_CONVERSION = YES;
				CLANG_WARN_DIRECT_OBJC_ISA_USAGE = YES_ERROR;
				CLANG_WARN_EMPTY_BODY = YES;
				CLANG_WARN_ENUM_CONVERSION = YES;
				CLANG_WARN_INT_CONVERSION = YES;
				CLANG_WARN_OBJC_ROOT_CLASS = YES_ERROR;
				CLANG_WARN_UNREACHABLE_CODE = YES;
				CLANG_WARN__DUPLICATE_METHOD_MATCH = YES;
				"CODE_SIGN_IDENTITY[sdk=iphoneos*]" = "iPhone Developer";
				COPY_PHASE_STRIP = NO;
				DEBUG_INFORMATION_FORMAT = dwarf;
				ENABLE_STRICT_OBJC_MSGSEND = YES;
				ENABLE_TESTABILITY = YES;
				GCC_C_LANGUAGE_STANDARD = gnu99;
				GCC_DYNAMIC_NO_PIC = NO;
				GCC_NO_COMMON_BLOCKS = YES;
				GCC_OPTIMIZATION_LEVEL = 0;
				GCC_PREPROCESSOR_DEFINITIONS = (
					"DEBUG=1",
					"$(inherited)",
				);
				GCC_WARN_64_TO_32_BIT_CONVERSION = YES;
				GCC_WARN_ABOUT_RETURN_TYPE = YES_ERROR;
				GCC_WARN_UNDECLARED_SELECTOR = YES;
				GCC_WARN_UNINITIALIZED_AUTOS = YES_AGGRESSIVE;
				GCC_WARN_UNUSED_FUNCTION = YES;
				GCC_WARN_UNUSED_VARIABLE = YES;
				IPHONEOS_DEPLOYMENT_TARGET = 9.3;
				MTL_ENABLE_DEBUG_INFO = YES;
				ONLY_ACTIVE_ARCH = YES;
				SDKROOT = iphoneos;
			};
			name = Debug;
		};
		50CFA3981CE8A22800550740 /* Release */ = {
			isa = XCBuildConfiguration;
			buildSettings = {
				ALWAYS_SEARCH_USER_PATHS = NO;
				CLANG_ANALYZER_NONNULL = YES;
				CLANG_CXX_LANGUAGE_STANDARD = "gnu++0x";
				CLANG_CXX_LIBRARY = "libc++";
				CLANG_ENABLE_MODULES = YES;
				CLANG_ENABLE_OBJC_ARC = YES;
				CLANG_WARN_BOOL_CONVERSION = YES;
				CLANG_WARN_CONSTANT_CONVERSION = YES;
				CLANG_WARN_DIRECT_OBJC_ISA_USAGE = YES_ERROR;
				CLANG_WARN_EMPTY_BODY = YES;
				CLANG_WARN_ENUM_CONVERSION = YES;
				CLANG_WARN_INT_CONVERSION = YES;
				CLANG_WARN_OBJC_ROOT_CLASS = YES_ERROR;
				CLANG_WARN_UNREACHABLE_CODE = YES;
				CLANG_WARN__DUPLICATE_METHOD_MATCH = YES;
				"CODE_SIGN_IDENTITY[sdk=iphoneos*]" = "iPhone Developer";
				COPY_PHASE_STRIP = NO;
				DEBUG_INFORMATION_FORMAT = "dwarf-with-dsym";
				ENABLE_NS_ASSERTIONS = NO;
				ENABLE_STRICT_OBJC_MSGSEND = YES;
				GCC_C_LANGUAGE_STANDARD = gnu99;
				GCC_NO_COMMON_BLOCKS = YES;
				GCC_WARN_64_TO_32_BIT_CONVERSION = YES;
				GCC_WARN_ABOUT_RETURN_TYPE = YES_ERROR;
				GCC_WARN_UNDECLARED_SELECTOR = YES;
				GCC_WARN_UNINITIALIZED_AUTOS = YES_AGGRESSIVE;
				GCC_WARN_UNUSED_FUNCTION = YES;
				GCC_WARN_UNUSED_VARIABLE = YES;
				IPHONEOS_DEPLOYMENT_TARGET = 9.3;
				MTL_ENABLE_DEBUG_INFO = NO;
				SDKROOT = iphoneos;
				VALIDATE_PRODUCT = YES;
			};
			name = Release;
		};
		50CFA39A1CE8A22800550740 /* Debug */ = {
			isa = XCBuildConfiguration;
			buildSettings = {
				ASSETCATALOG_COMPILER_APPICON_NAME = AppIcon;
				INFOPLIST_FILE = CellImageDownload/Info.plist;
				LD_RUNPATH_SEARCH_PATHS = "$(inherited) @executable_path/Frameworks";
				PRODUCT_BUNDLE_IDENTIFIER = com.fanwenbo.CellImageDownload;
				PRODUCT_NAME = "$(TARGET_NAME)";
			};
			name = Debug;
		};
		50CFA39B1CE8A22800550740 /* Release */ = {
			isa = XCBuildConfiguration;
			buildSettings = {
				ASSETCATALOG_COMPILER_APPICON_NAME = AppIcon;
				INFOPLIST_FILE = CellImageDownload/Info.plist;
				LD_RUNPATH_SEARCH_PATHS = "$(inherited) @executable_path/Frameworks";
				PRODUCT_BUNDLE_IDENTIFIER = com.fanwenbo.CellImageDownload;
				PRODUCT_NAME = "$(TARGET_NAME)";
			};
			name = Release;
		};
/* End XCBuildConfiguration section */

/* Begin XCConfigurationList section */
		50CFA37D1CE8A22800550740 /* Build configuration list for PBXProject "CellImageDownload" */ = {
			isa = XCConfigurationList;
			buildConfigurations = (
				50CFA3971CE8A22800550740 /* Debug */,
				50CFA3981CE8A22800550740 /* Release */,
			);
			defaultConfigurationIsVisible = 0;
			defaultConfigurationName = Release;
		};
		50CFA3991CE8A22800550740 /* Build configuration list for PBXNativeTarget "CellImageDownload" */ = {
			isa = XCConfigurationList;
			buildConfigurations = (
				50CFA39A1CE8A22800550740 /* Debug */,
				50CFA39B1CE8A22800550740 /* Release */,
			);
			defaultConfigurationIsVisible = 0;
			defaultConfigurationName = Release;
		};
/* End XCConfigurationList section */
	};
	rootObject = 50CFA37A1CE8A22800550740 /* Project object */;
}
