// !$*UTF8*$!
{
	archiveVersion = 1;
	classes = {
	};
	objectVersion = 46;
	objects = {

/* Begin PBXBuildFile section */
		50327DA01CEDD1D6000DE617 /* main.m in Sources */ = {isa = PBXBuildFile; fileRef = 50327D9F1CEDD1D6000DE617 /* main.m */; };
		50327DA31CEDD1D6000DE617 /* AppDelegate.m in Sources */ = {isa = PBXBuildFile; fileRef = 50327DA21CEDD1D6000DE617 /* AppDelegate.m */; };
		50327DA61CEDD1D6000DE617 /* ViewController.m in Sources */ = {isa = PBXBuildFile; fileRef = 50327DA51CEDD1D6000DE617 /* ViewController.m */; };
		50327DA91CEDD1D6000DE617 /* Main.storyboard in Resources */ = {isa = PBXBuildFile; fileRef = 50327DA71CEDD1D6000DE617 /* Main.storyboard */; };
		50327DAB1CEDD1D6000DE617 /* Assets.xcassets in Resources */ = {isa = PBXBuildFile; fileRef = 50327DAA1CEDD1D6000DE617 /* Assets.xcassets */; };
		50327DAE1CEDD1D6000DE617 /* LaunchScreen.storyboard in Resources */ = {isa = PBXBuildFile; fileRef = 50327DAC1CEDD1D6000DE617 /* LaunchScreen.storyboard */; };
		50327DB71CEDD215000DE617 /* FWBFlashButton.m in Sources */ = {isa = PBXBuildFile; fileRef = 50327DB61CEDD215000DE617 /* FWBFlashButton.m */; };
		50327DB91CEDDD31000DE617 /* background.png in Resources */ = {isa = PBXBuildFile; fileRef = 50327DB81CEDDD31000DE617 /* background.png */; };
/* End PBXBuildFile section */

/* Begin PBXFileReference section */
		50327D9B1CEDD1D6000DE617 /* FWBFlashButton.app */ = {isa = PBXFileReference; explicitFileType = wrapper.application; includeInIndex = 0; path = FWBFlashButton.app; sourceTree = BUILT_PRODUCTS_DIR; };
		50327D9F1CEDD1D6000DE617 /* main.m */ = {isa = PBXFileReference; lastKnownFileType = sourcecode.c.objc; path = main.m; sourceTree = "<group>"; };
		50327DA11CEDD1D6000DE617 /* AppDelegate.h */ = {isa = PBXFileReference; lastKnownFileType = sourcecode.c.h; path = AppDelegate.h; sourceTree = "<group>"; };
		50327DA21CEDD1D6000DE617 /* AppDelegate.m */ = {isa = PBXFileReference; lastKnownFileType = sourcecode.c.objc; path = AppDelegate.m; sourceTree = "<group>"; };
		50327DA41CEDD1D6000DE617 /* ViewController.h */ = {isa = PBXFileReference; lastKnownFileType = sourcecode.c.h; path = ViewController.h; sourceTree = "<group>"; };
		50327DA51CEDD1D6000DE617 /* ViewController.m */ = {isa = PBXFileReference; lastKnownFileType = sourcecode.c.objc; path = ViewController.m; sourceTree = "<group>"; };
		50327DA81CEDD1D6000DE617 /* Base */ = {isa = PBXFileReference; lastKnownFileType = file.storyboard; name = Base; path = Base.lproj/Main.storyboard; sourceTree = "<group>"; };
		50327DAA1CEDD1D6000DE617 /* Assets.xcassets */ = {isa = PBXFileReference; lastKnownFileType = folder.assetcatalog; path = Assets.xcassets; sourceTree = "<group>"; };
		50327DAD1CEDD1D6000DE617 /* Base */ = {isa = PBXFileReference; lastKnownFileType = file.storyboard; name = Base; path = Base.lproj/LaunchScreen.storyboard; sourceTree = "<group>"; };
		50327DAF1CEDD1D6000DE617 /* Info.plist */ = {isa = PBXFileReference; lastKnownFileType = text.plist.xml; path = Info.plist; sourceTree = "<group>"; };
		50327DB51CEDD215000DE617 /* FWBFlashButton.h */ = {isa = PBXFileReference; fileEncoding = 4; lastKnownFileType = sourcecode.c.h; path = FWBFlashButton.h; sourceTree = "<group>"; };
		50327DB61CEDD215000DE617 /* FWBFlashButton.m */ = {isa = PBXFileReference; fileEncoding = 4; lastKnownFileType = sourcecode.c.objc; path = FWBFlashButton.m; sourceTree = "<group>"; };
		50327DB81CEDDD31000DE617 /* background.png */ = {isa = PBXFileReference; lastKnownFileType = image.png; path = background.png; sourceTree = "<group>"; };
/* End PBXFileReference section */

/* Begin PBXFrameworksBuildPhase section */
		50327D981CEDD1D6000DE617 /* Frameworks */ = {
			isa = PBXFrameworksBuildPhase;
			buildActionMask = 2147483647;
			files = (
			);
			runOnlyForDeploymentPostprocessing = 0;
		};
/* End PBXFrameworksBuildPhase section */

/* Begin PBXGroup section */
		50327D921CEDD1D6000DE617 = {
			isa = PBXGroup;
			children = (
				50327D9D1CEDD1D6000DE617 /* FWBFlashButton */,
				50327D9C1CEDD1D6000DE617 /* Products */,
			);
			sourceTree = "<group>";
		};
		50327D9C1CEDD1D6000DE617 /* Products */ = {
			isa = PBXGroup;
			children = (
				50327D9B1CEDD1D6000DE617 /* FWBFlashButton.app */,
			);
			name = Products;
			sourceTree = "<group>";
		};
		50327D9D1CEDD1D6000DE617 /* FWBFlashButton */ = {
			isa = PBXGroup;
			children = (
				50327DB81CEDDD31000DE617 /* background.png */,
				50327DA11CEDD1D6000DE617 /* AppDelegate.h */,
				50327DA21CEDD1D6000DE617 /* AppDelegate.m */,
				50327DB51CEDD215000DE617 /* FWBFlashButton.h */,
				50327DB61CEDD215000DE617 /* FWBFlashButton.m */,
				50327DA41CEDD1D6000DE617 /* ViewController.h */,
				50327DA51CEDD1D6000DE617 /* ViewController.m */,
				50327DA71CEDD1D6000DE617 /* Main.storyboard */,
				50327DAA1CEDD1D6000DE617 /* Assets.xcassets */,
				50327DAC1CEDD1D6000DE617 /* LaunchScreen.storyboard */,
				50327DAF1CEDD1D6000DE617 /* Info.plist */,
				50327D9E1CEDD1D6000DE617 /* Supporting Files */,
			);
			path = FWBFlashButton;
			sourceTree = "<group>";
		};
		50327D9E1CEDD1D6000DE617 /* Supporting Files */ = {
			isa = PBXGroup;
			children = (
				50327D9F1CEDD1D6000DE617 /* main.m */,
			);
			name = "Supporting Files";
			sourceTree = "<group>";
		};
/* End PBXGroup section */

/* Begin PBXNativeTarget section */
		50327D9A1CEDD1D6000DE617 /* FWBFlashButton */ = {
			isa = PBXNativeTarget;
			buildConfigurationList = 50327DB21CEDD1D6000DE617 /* Build configuration list for PBXNativeTarget "FWBFlashButton" */;
			buildPhases = (
				50327D971CEDD1D6000DE617 /* Sources */,
				50327D981CEDD1D6000DE617 /* Frameworks */,
				50327D991CEDD1D6000DE617 /* Resources */,
			);
			buildRules = (
			);
			dependencies = (
			);
			name = FWBFlashButton;
			productName = FWBFlashButton;
			productReference = 50327D9B1CEDD1D6000DE617 /* FWBFlashButton.app */;
			productType = "com.apple.product-type.application";
		};
/* End PBXNativeTarget section */

/* Begin PBXProject section */
		50327D931CEDD1D6000DE617 /* Project object */ = {
			isa = PBXProject;
			attributes = {
				LastUpgradeCheck = 0730;
				ORGANIZATIONNAME = fanwenbo;
				TargetAttributes = {
					50327D9A1CEDD1D6000DE617 = {
						CreatedOnToolsVersion = 7.3.1;
					};
				};
			};
			buildConfigurationList = 50327D961CEDD1D6000DE617 /* Build configuration list for PBXProject "FWBFlashButton" */;
			compatibilityVersion = "Xcode 3.2";
			developmentRegion = English;
			hasScannedForEncodings = 0;
			knownRegions = (
				en,
				Base,
			);
			mainGroup = 50327D921CEDD1D6000DE617;
			productRefGroup = 50327D9C1CEDD1D6000DE617 /* Products */;
			projectDirPath = "";
			projectRoot = "";
			targets = (
				50327D9A1CEDD1D6000DE617 /* FWBFlashButton */,
			);
		};
/* End PBXProject section */

/* Begin PBXResourcesBuildPhase section */
		50327D991CEDD1D6000DE617 /* Resources */ = {
			isa = PBXResourcesBuildPhase;
			buildActionMask = 2147483647;
			files = (
				50327DAE1CEDD1D6000DE617 /* LaunchScreen.storyboard in Resources */,
				50327DB91CEDDD31000DE617 /* background.png in Resources */,
				50327DAB1CEDD1D6000DE617 /* Assets.xcassets in Resources */,
				50327DA91CEDD1D6000DE617 /* Main.storyboard in Resources */,
			);
			runOnlyForDeploymentPostprocessing = 0;
		};
/* End PBXResourcesBuildPhase section */

/* Begin PBXSourcesBuildPhase section */
		50327D971CEDD1D6000DE617 /* Sources */ = {
			isa = PBXSourcesBuildPhase;
			buildActionMask = 2147483647;
			files = (
				50327DB71CEDD215000DE617 /* FWBFlashButton.m in Sources */,
				50327DA61CEDD1D6000DE617 /* ViewController.m in Sources */,
				50327DA31CEDD1D6000DE617 /* AppDelegate.m in Sources */,
				50327DA01CEDD1D6000DE617 /* main.m in Sources */,
			);
			runOnlyForDeploymentPostprocessing = 0;
		};
/* End PBXSourcesBuildPhase section */

/* Begin PBXVariantGroup section */
		50327DA71CEDD1D6000DE617 /* Main.storyboard */ = {
			isa = PBXVariantGroup;
			children = (
				50327DA81CEDD1D6000DE617 /* Base */,
			);
			name = Main.storyboard;
			sourceTree = "<group>";
		};
		50327DAC1CEDD1D6000DE617 /* LaunchScreen.storyboard */ = {
			isa = PBXVariantGroup;
			children = (
				50327DAD1CEDD1D6000DE617 /* Base */,
			);
			name = LaunchScreen.storyboard;
			sourceTree = "<group>";
		};
/* End PBXVariantGroup section */

/* Begin XCBuildConfiguration section */
		50327DB01CEDD1D6000DE617 /* Debug */ = {
			isa = XCBuildConfiguration;
			buildSettings = {
				ALWAYS_SEARCH_USER_PATHS = NO;
				CLANG_ANALYZER_NONNULL = YES;
				CLANG_CXX_LANGUAGE_STANDARD = "gnu++0x";
				CLANG_CXX_LIBRARY = "libc++";
				CLANG_ENABLE_MODULES = YES;
				CLANG_ENABLE_OBJC_ARC = YES;
				CLANG_WARN_BOOL_CONVERSION = YES;
				CLANG_WARN_CONSTANT_CONVERSION = YES;
				CLANG_WARN_DIRECT_OBJC_ISA_USAGE = YES_ERROR;
				CLANG_WARN_EMPTY_BODY = YES;
				CLANG_WARN_ENUM_CONVERSION = YES;
				CLANG_WARN_INT_CONVERSION = YES;
				CLANG_WARN_OBJC_ROOT_CLASS = YES_ERROR;
				CLANG_WARN_UNREACHABLE_CODE = YES;
				CLANG_WARN__DUPLICATE_METHOD_MATCH = YES;
				"CODE_SIGN_IDENTITY[sdk=iphoneos*]" = "iPhone Developer";
				COPY_PHASE_STRIP = NO;
				DEBUG_INFORMATION_FORMAT = dwarf;
				ENABLE_STRICT_OBJC_MSGSEND = YES;
				ENABLE_TESTABILITY = YES;
				GCC_C_LANGUAGE_STANDARD = gnu99;
				GCC_DYNAMIC_NO_PIC = NO;
				GCC_NO_COMMON_BLOCKS = YES;
				GCC_OPTIMIZATION_LEVEL = 0;
				GCC_PREPROCESSOR_DEFINITIONS = (
					"DEBUG=1",
					"$(inherited)",
				);
				GCC_WARN_64_TO_32_BIT_CONVERSION = YES;
				GCC_WARN_ABOUT_RETURN_TYPE = YES_ERROR;
				GCC_WARN_UNDECLARED_SELECTOR = YES;
				GCC_WARN_UNINITIALIZED_AUTOS = YES_AGGRESSIVE;
				GCC_WARN_UNUSED_FUNCTION = YES;
				GCC_WARN_UNUSED_VARIABLE = YES;
				IPHONEOS_DEPLOYMENT_TARGET = 9.3;
				MTL_ENABLE_DEBUG_INFO = YES;
				ONLY_ACTIVE_ARCH = YES;
				SDKROOT = iphoneos;
			};
			name = Debug;
		};
		50327DB11CEDD1D6000DE617 /* Release */ = {
			isa = XCBuildConfiguration;
			buildSettings = {
				ALWAYS_SEARCH_USER_PATHS = NO;
				CLANG_ANALYZER_NONNULL = YES;
				CLANG_CXX_LANGUAGE_STANDARD = "gnu++0x";
				CLANG_CXX_LIBRARY = "libc++";
				CLANG_ENABLE_MODULES = YES;
				CLANG_ENABLE_OBJC_ARC = YES;
				CLANG_WARN_BOOL_CONVERSION = YES;
				CLANG_WARN_CONSTANT_CONVERSION = YES;
				CLANG_WARN_DIRECT_OBJC_ISA_USAGE = YES_ERROR;
				CLANG_WARN_EMPTY_BODY = YES;
				CLANG_WARN_ENUM_CONVERSION = YES;
				CLANG_WARN_INT_CONVERSION = YES;
				CLANG_WARN_OBJC_ROOT_CLASS = YES_ERROR;
				CLANG_WARN_UNREACHABLE_CODE = YES;
				CLANG_WARN__DUPLICATE_METHOD_MATCH = YES;
				"CODE_SIGN_IDENTITY[sdk=iphoneos*]" = "iPhone Developer";
				COPY_PHASE_STRIP = NO;
				DEBUG_INFORMATION_FORMAT = "dwarf-with-dsym";
				ENABLE_NS_ASSERTIONS = NO;
				ENABLE_STRICT_OBJC_MSGSEND = YES;
				GCC_C_LANGUAGE_STANDARD = gnu99;
				GCC_NO_COMMON_BLOCKS = YES;
				GCC_WARN_64_TO_32_BIT_CONVERSION = YES;
				GCC_WARN_ABOUT_RETURN_TYPE = YES_ERROR;
				GCC_WARN_UNDECLARED_SELECTOR = YES;
				GCC_WARN_UNINITIALIZED_AUTOS = YES_AGGRESSIVE;
				GCC_WARN_UNUSED_FUNCTION = YES;
				GCC_WARN_UNUSED_VARIABLE = YES;
				IPHONEOS_DEPLOYMENT_TARGET = 9.3;
				MTL_ENABLE_DEBUG_INFO = NO;
				SDKROOT = iphoneos;
				VALIDATE_PRODUCT = YES;
			};
			name = Release;
		};
		50327DB31CEDD1D6000DE617 /* Debug */ = {
			isa = XCBuildConfiguration;
			buildSettings = {
				ASSETCATALOG_COMPILER_APPICON_NAME = AppIcon;
				INFOPLIST_FILE = FWBFlashButton/Info.plist;
				LD_RUNPATH_SEARCH_PATHS = "$(inherited) @executable_path/Frameworks";
				PRODUCT_BUNDLE_IDENTIFIER = com.fanwenbo.FWBFlashButton;
				PRODUCT_NAME = "$(TARGET_NAME)";
			};
			name = Debug;
		};
		50327DB41CEDD1D6000DE617 /* Release */ = {
			isa = XCBuildConfiguration;
			buildSettings = {
				ASSETCATALOG_COMPILER_APPICON_NAME = AppIcon;
				INFOPLIST_FILE = FWBFlashButton/Info.plist;
				LD_RUNPATH_SEARCH_PATHS = "$(inherited) @executable_path/Frameworks";
				PRODUCT_BUNDLE_IDENTIFIER = com.fanwenbo.FWBFlashButton;
				PRODUCT_NAME = "$(TARGET_NAME)";
			};
			name = Release;
		};
/* End XCBuildConfiguration section */

/* Begin XCConfigurationList section */
		50327D961CEDD1D6000DE617 /* Build configuration list for PBXProject "FWBFlashButton" */ = {
			isa = XCConfigurationList;
			buildConfigurations = (
				50327DB01CEDD1D6000DE617 /* Debug */,
				50327DB11CEDD1D6000DE617 /* Release */,
			);
			defaultConfigurationIsVisible = 0;
			defaultConfigurationName = Release;
		};
		50327DB21CEDD1D6000DE617 /* Build configuration list for PBXNativeTarget "FWBFlashButton" */ = {
			isa = XCConfigurationList;
			buildConfigurations = (
				50327DB31CEDD1D6000DE617 /* Debug */,
				50327DB41CEDD1D6000DE617 /* Release */,
			);
			defaultConfigurationIsVisible = 0;
		};
/* End XCConfigurationList section */
	};
	rootObject = 50327D931CEDD1D6000DE617 /* Project object */;
}
